
Microsoft Visual Studio Solution File, Format Version 12.00
# Visual Studio Version 16
VisualStudioVersion = 16.0.29409.12
MinimumVisualStudioVersion = 10.0.40219.1
Project("{9A19103F-16F7-4668-BE54-9A1E7A4F7556}") = "EmployeeMGNT", "EmployeeMGNT\EmployeeMGNT.csproj", "{1A8B363E-A94C-4C06-A23C-A80645A0D494}"
EndProject
Global
	GlobalSection(SolutionConfigurationPlatforms) = preSolution
		Debug|Any CPU = Debug|Any CPU
		Release|Any CPU = Release|Any CPU
	EndGlobalSection
	GlobalSection(ProjectConfigurationPlatforms) = postSolution
		{1A8B363E-A94C-4C06-A23C-A80645A0D494}.Debug|Any CPU.ActiveCfg = Debug|Any CPU
		{1A8B363E-A94C-4C06-A23C-A80645A0D494}.Debug|Any CPU.Build.0 = Debug|Any CPU
		{1A8B363E-A94C-4C06-A23C-A80645A0D494}.Release|Any CPU.ActiveCfg = Release|Any CPU
		{1A8B363E-A94C-4C06-A23C-A80645A0D494}.Release|Any CPU.Build.0 = Release|Any CPU
	EndGlobalSection
	GlobalSection(SolutionProperties) = preSolution
		HideSolutionNode = FALSE
	EndGlobalSection
	GlobalSection(ExtensibilityGlobals) = postSolution
		SolutionGuid = {5C0EE28D-5539-46F5-9461-C65E676C257A}
	EndGlobalSection
EndGlobal
